
Microsoft Visual Studio Solution File, Format Version 12.00
# Visual Studio Version 17
VisualStudioVersion = 17.5.33530.505
MinimumVisualStudioVersion = 10.0.40219.1
Project("{FAE04EC0-301F-11D3-BF4B-00C04F79EFBC}") = "RSZI2v2", "RSZI2v2\RSZI2v2.csproj", "{247E897E-BD45-4764-842F-84A5ECBB48C8}"
EndProject
Global
	GlobalSection(SolutionConfigurationPlatforms) = preSolution
		Debug|Any CPU = Debug|Any CPU
		Release|Any CPU = Release|Any CPU
	EndGlobalSection
	GlobalSection(ProjectConfigurationPlatforms) = postSolution
		{247E897E-BD45-4764-842F-84A5ECBB48C8}.Debug|Any CPU.ActiveCfg = Debug|Any CPU
		{247E897E-BD45-4764-842F-84A5ECBB48C8}.Debug|Any CPU.Build.0 = Debug|Any CPU
		{247E897E-BD45-4764-842F-84A5ECBB48C8}.Release|Any CPU.ActiveCfg = Release|Any CPU
		{247E897E-BD45-4764-842F-84A5ECBB48C8}.Release|Any CPU.Build.0 = Release|Any CPU
	EndGlobalSection
	GlobalSection(SolutionProperties) = preSolution
		HideSolutionNode = FALSE
	EndGlobalSection
	GlobalSection(ExtensibilityGlobals) = postSolution
		SolutionGuid = {53DA8287-16D5-455D-B2E7-2176D0A9FEAF}
	EndGlobalSection
EndGlobal
